
Microsoft Visual Studio Solution File, Format Version 12.00
# Visual Studio Version 17
VisualStudioVersion = 17.10.35013.160
MinimumVisualStudioVersion = 10.0.40219.1
Project("{FAE04EC0-301F-11D3-BF4B-00C04F79EFBC}") = "Cap02OiMundo", "Cap02OiMundo\Cap02OiMundo.csproj", "{01E32B2B-280C-43F7-B73F-B7128E66D9E0}"
EndProject
Global
	GlobalSection(SolutionConfigurationPlatforms) = preSolution
		Debug|Any CPU = Debug|Any CPU
		Release|Any CPU = Release|Any CPU
	EndGlobalSection
	GlobalSection(ProjectConfigurationPlatforms) = postSolution
		{01E32B2B-280C-43F7-B73F-B7128E66D9E0}.Debug|Any CPU.ActiveCfg = Debug|Any CPU
		{01E32B2B-280C-43F7-B73F-B7128E66D9E0}.Debug|Any CPU.Build.0 = Debug|Any CPU
		{01E32B2B-280C-43F7-B73F-B7128E66D9E0}.Release|Any CPU.ActiveCfg = Release|Any CPU
		{01E32B2B-280C-43F7-B73F-B7128E66D9E0}.Release|Any CPU.Build.0 = Release|Any CPU
	EndGlobalSection
	GlobalSection(SolutionProperties) = preSolution
		HideSolutionNode = FALSE
	EndGlobalSection
	GlobalSection(ExtensibilityGlobals) = postSolution
		SolutionGuid = {967117AA-2846-44E3-9082-548D6E053BFF}
	EndGlobalSection
EndGlobal
