
Microsoft Visual Studio Solution File, Format Version 12.00
# Visual Studio Version 17
VisualStudioVersion = 17.10.35013.160
MinimumVisualStudioVersion = 10.0.40219.1
Project("{FAE04EC0-301F-11D3-BF4B-00C04F79EFBC}") = "Cap04EstruturaControle", "Cap04EstruturaControle\Cap04EstruturaControle.csproj", "{D4A3F317-06AA-410B-9E78-D43CB02CBCD6}"
EndProject
Global
	GlobalSection(SolutionConfigurationPlatforms) = preSolution
		Debug|Any CPU = Debug|Any CPU
		Release|Any CPU = Release|Any CPU
	EndGlobalSection
	GlobalSection(ProjectConfigurationPlatforms) = postSolution
		{D4A3F317-06AA-410B-9E78-D43CB02CBCD6}.Debug|Any CPU.ActiveCfg = Debug|Any CPU
		{D4A3F317-06AA-410B-9E78-D43CB02CBCD6}.Debug|Any CPU.Build.0 = Debug|Any CPU
		{D4A3F317-06AA-410B-9E78-D43CB02CBCD6}.Release|Any CPU.ActiveCfg = Release|Any CPU
		{D4A3F317-06AA-410B-9E78-D43CB02CBCD6}.Release|Any CPU.Build.0 = Release|Any CPU
	EndGlobalSection
	GlobalSection(SolutionProperties) = preSolution
		HideSolutionNode = FALSE
	EndGlobalSection
	GlobalSection(ExtensibilityGlobals) = postSolution
		SolutionGuid = {51B4AAF2-4278-4393-AF5F-34F8BEBD672E}
	EndGlobalSection
EndGlobal
